
Microsoft Visual Studio Solution File, Format Version 12.00
# Visual Studio 2013
VisualStudioVersion = 12.0.31101.0
MinimumVisualStudioVersion = 10.0.40219.1
Project("{FAE04EC0-301F-11D3-BF4B-00C04F79EFBC}") = "ConsoleApplication16", "ConsoleApplication16\ConsoleApplication16.csproj", "{8BB8E6A1-4751-4BB5-855B-8AAB9278756E}"
EndProject
Global
	GlobalSection(SolutionConfigurationPlatforms) = preSolution
		Debug|Any CPU = Debug|Any CPU
		Release|Any CPU = Release|Any CPU
	EndGlobalSection
	GlobalSection(ProjectConfigurationPlatforms) = postSolution
		{8BB8E6A1-4751-4BB5-855B-8AAB9278756E}.Debug|Any CPU.ActiveCfg = Debug|Any CPU
		{8BB8E6A1-4751-4BB5-855B-8AAB9278756E}.Debug|Any CPU.Build.0 = Debug|Any CPU
		{8BB8E6A1-4751-4BB5-855B-8AAB9278756E}.Release|Any CPU.ActiveCfg = Release|Any CPU
		{8BB8E6A1-4751-4BB5-855B-8AAB9278756E}.Release|Any CPU.Build.0 = Release|Any CPU
	EndGlobalSection
	GlobalSection(SolutionProperties) = preSolution
		HideSolutionNode = FALSE
	EndGlobalSection
EndGlobal
